
Microsoft Visual Studio Solution File, Format Version 11.00
# Visual Studio 2010
Project("{FAE04EC0-301F-11D3-BF4B-00C04F79EFBC}") = "pop_n-master", "Assembly-CSharp-firstpass.csproj", "{629E94E0-4B2F-D3CF-239F-A767CB8E8D17}"
EndProject
Project("{FAE04EC0-301F-11D3-BF4B-00C04F79EFBC}") = "pop_n-master", "Assembly-CSharp.csproj", "{1A1CA72D-1023-5985-3D9C-9EA5149EE768}"
EndProject
Global
	GlobalSection(SolutionConfigurationPlatforms) = preSolution
		Debug|Any CPU = Debug|Any CPU
		Release|Any CPU = Release|Any CPU
	EndGlobalSection
	GlobalSection(ProjectConfigurationPlatforms) = postSolution
		{629E94E0-4B2F-D3CF-239F-A767CB8E8D17}.Debug|Any CPU.ActiveCfg = Debug|Any CPU
		{629E94E0-4B2F-D3CF-239F-A767CB8E8D17}.Debug|Any CPU.Build.0 = Debug|Any CPU
		{629E94E0-4B2F-D3CF-239F-A767CB8E8D17}.Release|Any CPU.ActiveCfg = Release|Any CPU
		{629E94E0-4B2F-D3CF-239F-A767CB8E8D17}.Release|Any CPU.Build.0 = Release|Any CPU
		{1A1CA72D-1023-5985-3D9C-9EA5149EE768}.Debug|Any CPU.ActiveCfg = Debug|Any CPU
		{1A1CA72D-1023-5985-3D9C-9EA5149EE768}.Debug|Any CPU.Build.0 = Debug|Any CPU
		{1A1CA72D-1023-5985-3D9C-9EA5149EE768}.Release|Any CPU.ActiveCfg = Release|Any CPU
		{1A1CA72D-1023-5985-3D9C-9EA5149EE768}.Release|Any CPU.Build.0 = Release|Any CPU
	EndGlobalSection
	GlobalSection(SolutionProperties) = preSolution
		HideSolutionNode = FALSE
	EndGlobalSection
	GlobalSection(MonoDevelopProperties) = preSolution
		StartupItem = Assembly-CSharp.csproj
	EndGlobalSection
EndGlobal
